<?xml version="1.0" encoding="utf-8"?>
<Project ToolsVersion="4.0" xmlns="http://schemas.microsoft.com/developer/msbuild/2003">
  <ItemGroup>
    <Filter Include="Source Files">
      <UniqueIdentifier>{4FC737F1-C7A5-4376-A066-2A32D752A2FF}</UniqueIdentifier>
      <Extensions>cpp;c;cc;cxx;def;odl;idl;hpj;bat;asm;asmx</Extensions>
    </Filter>
    <Filter Include="Clock">
      <UniqueIdentifier>{36fb9e78-b2d5-4a6d-ad6c-d247f57139c4}</UniqueIdentifier>
    </Filter>
    <Filter Include="Console">
      <UniqueIdentifier>{b1ce0a13-fb73-492b-bdb3-d8686e6d38ff}</UniqueIdentifier>
    </Filter>
    <Filter Include="Random">
      <UniqueIdentifier>{55c7f2d7-4bf3-431f-b686-c7b5b01ed95a}</UniqueIdentifier>
    </Filter>
    <Filter Include="Engine">
      <UniqueIdentifier>{df196b1c-234e-483d-8c07-771a567cd45a}</UniqueIdentifier>
    </Filter>
    <Filter Include="Procedural Generation">
      <UniqueIdentifier>{58885d72-f057-45c5-9a43-73e9b1b3c04f}</UniqueIdentifier>
    </Filter>
    <Filter Include="Enemies">
      <UniqueIdentifier>{8b3e32b8-f3a7-4e91-a794-091ca698f433}</UniqueIdentifier>
    </Filter>
    <Filter Include="States">
      <UniqueIdentifier>{89a4158f-e49e-4619-936e-370316c81b07}</UniqueIdentifier>
    </Filter>
  </ItemGroup>
  <ItemGroup>
    <ClCompile Include="Clock\Clock.cpp">
      <Filter>Clock</Filter>
    </ClCompile>
    <ClCompile Include="Console\Console.c">
      <Filter>Console</Filter>
    </ClCompile>
    <ClCompile Include="Engine.c">
      <Filter>Engine</Filter>
    </ClCompile>
    <ClCompile Include="Random\Random.c">
      <Filter>Random</Filter>
    </ClCompile>
    <ClCompile Include="ProceduralGeneration.c">
      <Filter>Procedural Generation</Filter>
    </ClCompile>
    <ClCompile Include="Thrusteroids.c">
      <Filter>Source Files</Filter>
    </ClCompile>
    <ClCompile Include="Enemies.c">
      <Filter>Enemies</Filter>
    </ClCompile>
    <ClCompile Include="States\Game.c">
      <Filter>States</Filter>
    </ClCompile>
    <ClCompile Include="States\GameOver.c">
      <Filter>States</Filter>
    </ClCompile>
    <ClCompile Include="States\MainMenu.c">
      <Filter>States</Filter>
    </ClCompile>
    <ClCompile Include="Global.c">
      <Filter>Source Files</Filter>
    </ClCompile>
    <ClCompile Include="StateMachine.c">
      <Filter>Source Files</Filter>
    </ClCompile>
    <ClCompile Include="States\Instructions.c">
      <Filter>States</Filter>
    </ClCompile>
    <ClCompile Include="States\LoadingScreen.c">
      <Filter>States</Filter>
    </ClCompile>
    <ClCompile Include="Letters.c">
      <Filter>Source Files</Filter>
    </ClCompile>
    <ClCompile Include="WriteText.c">
      <Filter>Source Files</Filter>
    </ClCompile>
  </ItemGroup>
  <ItemGroup>
    <ClInclude Include="Clock\Clock.h">
      <Filter>Clock</Filter>
    </ClInclude>
    <ClInclude Include="Console\Console.h">
      <Filter>Console</Filter>
    </ClInclude>
    <ClInclude Include="Engine.h">
      <Filter>Engine</Filter>
    </ClInclude>
    <ClInclude Include="Random\Random.h">
      <Filter>Random</Filter>
    </ClInclude>
    <ClInclude Include="ProceduralGeneration.h">
      <Filter>Procedural Generation</Filter>
    </ClInclude>
    <ClInclude Include="Enemies.h">
      <Filter>Enemies</Filter>
    </ClInclude>
    <ClInclude Include="States\Game.h">
      <Filter>States</Filter>
    </ClInclude>
    <ClInclude Include="States\GameOver.h">
      <Filter>States</Filter>
    </ClInclude>
    <ClInclude Include="States\MainMenu.h">
      <Filter>States</Filter>
    </ClInclude>
    <ClInclude Include="Global.h">
      <Filter>Source Files</Filter>
    </ClInclude>
    <ClInclude Include="StateMachine.h">
      <Filter>Source Files</Filter>
    </ClInclude>
    <ClInclude Include="States\Instructions.h">
      <Filter>States</Filter>
    </ClInclude>
    <ClInclude Include="States\LoadingScreen.h">
      <Filter>States</Filter>
    </ClInclude>
    <ClInclude Include="Thrusteroids.h">
      <Filter>Source Files</Filter>
    </ClInclude>
    <ClInclude Include="Letters.h">
      <Filter>Source Files</Filter>
    </ClInclude>
    <ClInclude Include="WriteText.h">
      <Filter>Source Files</Filter>
    </ClInclude>
  </ItemGroup>
</Project>